
Microsoft Visual Studio Solution File, Format Version 12.00
# Visual Studio 15
VisualStudioVersion = 15.0.28010.2041
MinimumVisualStudioVersion = 10.0.40219.1
Project("{FAE04EC0-301F-11D3-BF4B-00C04F79EFBC}") = "DuplicateFinder", "DuplicateFinder\DuplicateFinder.csproj", "{153D3D65-62D5-47F3-971E-3123B3D8F19E}"
EndProject
Global
	GlobalSection(SolutionConfigurationPlatforms) = preSolution
		Debug|Any CPU = Debug|Any CPU
		Release|Any CPU = Release|Any CPU
	EndGlobalSection
	GlobalSection(ProjectConfigurationPlatforms) = postSolution
		{153D3D65-62D5-47F3-971E-3123B3D8F19E}.Debug|Any CPU.ActiveCfg = Debug|Any CPU
		{153D3D65-62D5-47F3-971E-3123B3D8F19E}.Debug|Any CPU.Build.0 = Debug|Any CPU
		{153D3D65-62D5-47F3-971E-3123B3D8F19E}.Release|Any CPU.ActiveCfg = Release|Any CPU
		{153D3D65-62D5-47F3-971E-3123B3D8F19E}.Release|Any CPU.Build.0 = Release|Any CPU
	EndGlobalSection
	GlobalSection(SolutionProperties) = preSolution
		HideSolutionNode = FALSE
	EndGlobalSection
	GlobalSection(ExtensibilityGlobals) = postSolution
		SolutionGuid = {E56A45A7-6186-458C-9E48-68B4FB308DBA}
	EndGlobalSection
EndGlobal
